
Microsoft Visual Studio Solution File, Format Version 12.00
# Visual Studio Version 17
VisualStudioVersion = 17.7.34009.444
MinimumVisualStudioVersion = 10.0.40219.1
Project("{FAE04EC0-301F-11D3-BF4B-00C04F79EFBC}") = "ToDo", "ToDo\ToDo.csproj", "{4564DCB6-7976-4173-947B-6260FF37627B}"
EndProject
Global
	GlobalSection(SolutionConfigurationPlatforms) = preSolution
		Debug|Any CPU = Debug|Any CPU
		Release|Any CPU = Release|Any CPU
	EndGlobalSection
	GlobalSection(ProjectConfigurationPlatforms) = postSolution
		{4564DCB6-7976-4173-947B-6260FF37627B}.Debug|Any CPU.ActiveCfg = Debug|Any CPU
		{4564DCB6-7976-4173-947B-6260FF37627B}.Debug|Any CPU.Build.0 = Debug|Any CPU
		{4564DCB6-7976-4173-947B-6260FF37627B}.Release|Any CPU.ActiveCfg = Release|Any CPU
		{4564DCB6-7976-4173-947B-6260FF37627B}.Release|Any CPU.Build.0 = Release|Any CPU
	EndGlobalSection
	GlobalSection(SolutionProperties) = preSolution
		HideSolutionNode = FALSE
	EndGlobalSection
	GlobalSection(ExtensibilityGlobals) = postSolution
		SolutionGuid = {52464D84-0583-40D4-BF4A-C85DAECB3D7B}
	EndGlobalSection
EndGlobal
